{
  "name": "Project",
  "lockfileVersion": 3,
  "requires": true,
  "packages": {
    "": {
      "dependencies": {
        "shodan": "^0.1.0"
      }
    },
    "node_modules/request": {
      "version": "2.9.100",
      "resolved": "https://registry.npmjs.org/request/-/request-2.9.100.tgz",
      "integrity": "sha512-HnJn5hieQn1hoeVErtCS/Uh+CIv5KHKUEe1AYtNemWlgGk4LQKKwpZaB8drSE/edvkI9Zig89GNf7ftqL9x/NQ==",
      "deprecated": "request has been deprecated, see https://github.com/request/request/issues/3142",
      "engines": [
        "node >= 0.3.6"
      ]
    },
    "node_modules/shodan": {
      "version": "0.1.0",
      "resolved": "https://registry.npmjs.org/shodan/-/shodan-0.1.0.tgz",
      "integrity": "sha512-dpvni/EA2z+y2Wxoau6OXnoSDVYxRY+MVWAV7OzsRQeMWFq/S5EBpj44jFWEuQuTDhAQxMb1bMUm0e9sR2cblg==",
      "deprecated": "Abandoned",
      "dependencies": {
        "request": "2.9.100"
      },
      "engines": {
        "node": "*"
      }
    }
  }
}
